{
  "name": "electron-sudo",
  "version": "4.0.12",
  "lockfileVersion": 1,
  "dependencies": {
    "@types/node": {
      "version": "7.0.29",
      "resolved": "https://registry.npmjs.org/@types/node/-/node-7.0.29.tgz",
      "integrity": "sha512-+8JrLZny/uR+d/jLK9eaV63buRM7X/gNzQk57q76NS4KNKLSKOmxJYFIlwuP2zDvA7wqZj05POPhSd9Z1hYQpQ==",
      "dev": true
    },
    "@types/uuid": {
      "version": "3.0.0",
      "resolved": "https://registry.npmjs.org/@types/uuid/-/uuid-3.0.0.tgz",
      "integrity": "sha512-CGaBAcUB4o+YTaUBZ2VfBc7PcIZXwHflZs4FDtr5Kk7MpAl0PVfH7W/VqoHH+OAG41d9YSCV8eWDfz/KKqVm+A==",
      "dev": true
    },
    "typescript": {
      "version": "2.3.4",
      "resolved": "https://registry.npmjs.org/typescript/-/typescript-2.3.4.tgz",
      "integrity": "sha1-PTgyGCgjHkNPKHUUlZw3qCtin0I=",
      "dev": true
    },
    "uuid": {
      "version": "3.0.1",
      "resolved": "https://registry.npmjs.org/uuid/-/uuid-3.0.1.tgz",
      "integrity": "sha1-ZUS7ot/ajBzxfmKaOjBeK7H+5sE="
    }
  }
}
